
Microsoft Visual Studio Solution File, Format Version 12.00
# Visual Studio Version 17
VisualStudioVersion = 17.14.36603.0 d17.14
MinimumVisualStudioVersion = 10.0.40219.1
Project("{FAE04EC0-301F-11D3-BF4B-00C04F79EFBC}") = "KTRA", "Bài 1\KTRA.csproj", "{95050F83-BD76-43A0-A04A-E729AECA296A}"
EndProject
Global
	GlobalSection(SolutionConfigurationPlatforms) = preSolution
		Debug|Any CPU = Debug|Any CPU
		Release|Any CPU = Release|Any CPU
	EndGlobalSection
	GlobalSection(ProjectConfigurationPlatforms) = postSolution
		{95050F83-BD76-43A0-A04A-E729AECA296A}.Debug|Any CPU.ActiveCfg = Debug|Any CPU
		{95050F83-BD76-43A0-A04A-E729AECA296A}.Debug|Any CPU.Build.0 = Debug|Any CPU
		{95050F83-BD76-43A0-A04A-E729AECA296A}.Release|Any CPU.ActiveCfg = Release|Any CPU
		{95050F83-BD76-43A0-A04A-E729AECA296A}.Release|Any CPU.Build.0 = Release|Any CPU
	EndGlobalSection
	GlobalSection(SolutionProperties) = preSolution
		HideSolutionNode = FALSE
	EndGlobalSection
	GlobalSection(ExtensibilityGlobals) = postSolution
		SolutionGuid = {95F0FE79-EE0B-4277-8E1D-912BAA3D73E4}
	EndGlobalSection
EndGlobal
