
Microsoft Visual Studio Solution File, Format Version 12.00
# Visual Studio Version 17
VisualStudioVersion = 17.14.36603.0 d17.14
MinimumVisualStudioVersion = 10.0.40219.1
Project("{FAE04EC0-301F-11D3-BF4B-00C04F79EFBC}") = "Bài 2", "Bài 2\Bài 2.csproj", "{C89F1268-D3DC-4CB8-B46A-C3465ED2F42D}"
EndProject
Global
	GlobalSection(SolutionConfigurationPlatforms) = preSolution
		Debug|Any CPU = Debug|Any CPU
		Release|Any CPU = Release|Any CPU
	EndGlobalSection
	GlobalSection(ProjectConfigurationPlatforms) = postSolution
		{C89F1268-D3DC-4CB8-B46A-C3465ED2F42D}.Debug|Any CPU.ActiveCfg = Debug|Any CPU
		{C89F1268-D3DC-4CB8-B46A-C3465ED2F42D}.Debug|Any CPU.Build.0 = Debug|Any CPU
		{C89F1268-D3DC-4CB8-B46A-C3465ED2F42D}.Release|Any CPU.ActiveCfg = Release|Any CPU
		{C89F1268-D3DC-4CB8-B46A-C3465ED2F42D}.Release|Any CPU.Build.0 = Release|Any CPU
	EndGlobalSection
	GlobalSection(SolutionProperties) = preSolution
		HideSolutionNode = FALSE
	EndGlobalSection
	GlobalSection(ExtensibilityGlobals) = postSolution
		SolutionGuid = {21AFC3FE-1A21-4EE2-B786-16D610B9197A}
	EndGlobalSection
EndGlobal
