
Microsoft Visual Studio Solution File, Format Version 12.00
# Visual Studio Version 17
VisualStudioVersion = 17.14.36603.0 d17.14
MinimumVisualStudioVersion = 10.0.40219.1
Project("{FAE04EC0-301F-11D3-BF4B-00C04F79EFBC}") = "Bai_1_buoi_2", "Bai_1_buoi_2\Bai_1_buoi_2.csproj", "{F9C0CF81-A4E0-4139-AECD-1AFE6AD39A57}"
EndProject
Global
	GlobalSection(SolutionConfigurationPlatforms) = preSolution
		Debug|Any CPU = Debug|Any CPU
		Release|Any CPU = Release|Any CPU
	EndGlobalSection
	GlobalSection(ProjectConfigurationPlatforms) = postSolution
		{F9C0CF81-A4E0-4139-AECD-1AFE6AD39A57}.Debug|Any CPU.ActiveCfg = Debug|Any CPU
		{F9C0CF81-A4E0-4139-AECD-1AFE6AD39A57}.Debug|Any CPU.Build.0 = Debug|Any CPU
		{F9C0CF81-A4E0-4139-AECD-1AFE6AD39A57}.Release|Any CPU.ActiveCfg = Release|Any CPU
		{F9C0CF81-A4E0-4139-AECD-1AFE6AD39A57}.Release|Any CPU.Build.0 = Release|Any CPU
	EndGlobalSection
	GlobalSection(SolutionProperties) = preSolution
		HideSolutionNode = FALSE
	EndGlobalSection
	GlobalSection(ExtensibilityGlobals) = postSolution
		SolutionGuid = {9F5BBD9A-17E9-4F37-B1BE-4EA6A38D7D8A}
	EndGlobalSection
EndGlobal
