
Microsoft Visual Studio Solution File, Format Version 12.00
# Visual Studio Version 17
VisualStudioVersion = 17.14.36603.0 d17.14
MinimumVisualStudioVersion = 10.0.40219.1
Project("{FAE04EC0-301F-11D3-BF4B-00C04F79EFBC}") = "Bai_3_buoi_3", "Bai_3_buoi_3\Bai_3_buoi_3.csproj", "{8465CE0C-B913-4D62-B254-EE248053649B}"
EndProject
Global
	GlobalSection(SolutionConfigurationPlatforms) = preSolution
		Debug|Any CPU = Debug|Any CPU
		Release|Any CPU = Release|Any CPU
	EndGlobalSection
	GlobalSection(ProjectConfigurationPlatforms) = postSolution
		{8465CE0C-B913-4D62-B254-EE248053649B}.Debug|Any CPU.ActiveCfg = Debug|Any CPU
		{8465CE0C-B913-4D62-B254-EE248053649B}.Debug|Any CPU.Build.0 = Debug|Any CPU
		{8465CE0C-B913-4D62-B254-EE248053649B}.Release|Any CPU.ActiveCfg = Release|Any CPU
		{8465CE0C-B913-4D62-B254-EE248053649B}.Release|Any CPU.Build.0 = Release|Any CPU
	EndGlobalSection
	GlobalSection(SolutionProperties) = preSolution
		HideSolutionNode = FALSE
	EndGlobalSection
	GlobalSection(ExtensibilityGlobals) = postSolution
		SolutionGuid = {C8FA5B67-33DB-48E0-91DC-47D0DA6AC694}
	EndGlobalSection
EndGlobal
