
Microsoft Visual Studio Solution File, Format Version 12.00
# Visual Studio Version 17
VisualStudioVersion = 17.14.36603.0 d17.14
MinimumVisualStudioVersion = 10.0.40219.1
Project("{FAE04EC0-301F-11D3-BF4B-00C04F79EFBC}") = "BTVN", "BTVN\BTVN.csproj", "{7F215647-3585-4D03-80FD-2C281FAF9D47}"
EndProject
Global
	GlobalSection(SolutionConfigurationPlatforms) = preSolution
		Debug|Any CPU = Debug|Any CPU
		Release|Any CPU = Release|Any CPU
	EndGlobalSection
	GlobalSection(ProjectConfigurationPlatforms) = postSolution
		{7F215647-3585-4D03-80FD-2C281FAF9D47}.Debug|Any CPU.ActiveCfg = Debug|Any CPU
		{7F215647-3585-4D03-80FD-2C281FAF9D47}.Debug|Any CPU.Build.0 = Debug|Any CPU
		{7F215647-3585-4D03-80FD-2C281FAF9D47}.Release|Any CPU.ActiveCfg = Release|Any CPU
		{7F215647-3585-4D03-80FD-2C281FAF9D47}.Release|Any CPU.Build.0 = Release|Any CPU
	EndGlobalSection
	GlobalSection(SolutionProperties) = preSolution
		HideSolutionNode = FALSE
	EndGlobalSection
	GlobalSection(ExtensibilityGlobals) = postSolution
		SolutionGuid = {8B37E581-D72F-47F0-B3AB-437C202252E7}
	EndGlobalSection
EndGlobal
