
Microsoft Visual Studio Solution File, Format Version 12.00
# Visual Studio Version 17
VisualStudioVersion = 17.14.36603.0 d17.14
MinimumVisualStudioVersion = 10.0.40219.1
Project("{FAE04EC0-301F-11D3-BF4B-00C04F79EFBC}") = "Bai_2_buoi_2", "Bai_2_buoi_2\Bai_2_buoi_2.csproj", "{5C89F320-96AE-4F66-A082-03D4D3314D6C}"
EndProject
Global
	GlobalSection(SolutionConfigurationPlatforms) = preSolution
		Debug|Any CPU = Debug|Any CPU
		Release|Any CPU = Release|Any CPU
	EndGlobalSection
	GlobalSection(ProjectConfigurationPlatforms) = postSolution
		{5C89F320-96AE-4F66-A082-03D4D3314D6C}.Debug|Any CPU.ActiveCfg = Debug|Any CPU
		{5C89F320-96AE-4F66-A082-03D4D3314D6C}.Debug|Any CPU.Build.0 = Debug|Any CPU
		{5C89F320-96AE-4F66-A082-03D4D3314D6C}.Release|Any CPU.ActiveCfg = Release|Any CPU
		{5C89F320-96AE-4F66-A082-03D4D3314D6C}.Release|Any CPU.Build.0 = Release|Any CPU
	EndGlobalSection
	GlobalSection(SolutionProperties) = preSolution
		HideSolutionNode = FALSE
	EndGlobalSection
	GlobalSection(ExtensibilityGlobals) = postSolution
		SolutionGuid = {DD149F83-30E9-469B-8057-F6A3C6639FC5}
	EndGlobalSection
EndGlobal
